
Microsoft Visual Studio Solution File, Format Version 12.00
# Visual Studio 15
VisualStudioVersion = 15.0.27428.2005
MinimumVisualStudioVersion = 10.0.40219.1
Project("{FAE04EC0-301F-11D3-BF4B-00C04F79EFBC}") = "ConsoleApp1", "ConsoleApp1\ConsoleApp1.csproj", "{B99C72AC-2080-402E-934C-2DC8A70DF275}"
EndProject
Global
	GlobalSection(SolutionConfigurationPlatforms) = preSolution
		Debug|Any CPU = Debug|Any CPU
		Release|Any CPU = Release|Any CPU
	EndGlobalSection
	GlobalSection(ProjectConfigurationPlatforms) = postSolution
		{B99C72AC-2080-402E-934C-2DC8A70DF275}.Debug|Any CPU.ActiveCfg = Debug|Any CPU
		{B99C72AC-2080-402E-934C-2DC8A70DF275}.Debug|Any CPU.Build.0 = Debug|Any CPU
		{B99C72AC-2080-402E-934C-2DC8A70DF275}.Release|Any CPU.ActiveCfg = Release|Any CPU
		{B99C72AC-2080-402E-934C-2DC8A70DF275}.Release|Any CPU.Build.0 = Release|Any CPU
	EndGlobalSection
	GlobalSection(SolutionProperties) = preSolution
		HideSolutionNode = FALSE
	EndGlobalSection
	GlobalSection(ExtensibilityGlobals) = postSolution
		SolutionGuid = {0D0EE4CB-92E4-4CC5-B0D5-4C5574899152}
	EndGlobalSection
EndGlobal
